{
  "name": "myblog-client",
  "version": "1.0.0",
  "lockfileVersion": 1,
  "requires": true,
  "dependencies": {
    "highlight.js": {
      "version": "10.1.2",
      "resolved": "https://registry.npmjs.org/highlight.js/-/highlight.js-10.1.2.tgz",
      "integrity": "sha512-Q39v/Mn5mfBlMff9r+zzA+gWxRsCRKwEMvYTiisLr/XUiFI/4puWt0Ojdko3R3JCNWGdOWaA5g/Yxqa23kC5AA=="
    },
    "katex": {
      "version": "0.6.0",
      "resolved": "https://registry.npmjs.org/katex/-/katex-0.6.0.tgz",
      "integrity": "sha1-EkGOCRIcBckgQbazuftrqyE8tvM=",
      "dev": true,
      "requires": {
        "match-at": "^0.1.0"
      }
    },
    "linkify-it": {
      "version": "1.2.4",
      "resolved": "https://registry.npmjs.org/linkify-it/-/linkify-it-1.2.4.tgz",
      "integrity": "sha1-B3NSbDF8j9E71TTuHRgP+Iq/iBo=",
      "dev": true,
      "requires": {
        "uc.micro": "^1.0.1"
      }
    },
    "markdown-it": {
      "version": "6.1.1",
      "resolved": "https://registry.npmjs.org/markdown-it/-/markdown-it-6.1.1.tgz",
      "integrity": "sha1-ztA39Ec+6fUVOsQU933IPJG6knw=",
      "dev": true,
      "requires": {
        "argparse": "^1.0.7",
        "entities": "~1.1.1",
        "linkify-it": "~1.2.2",
        "mdurl": "~1.0.1",
        "uc.micro": "^1.0.1"
      },
      "dependencies": {
        "argparse": {
          "version": "1.0.10",
          "resolved": "https://registry.npmjs.org/argparse/-/argparse-1.0.10.tgz",
          "integrity": "sha512-o5Roy6tNG4SL/FOkCAN6RzjiakZS25RLYFrcMttJqbdd8BWrnA+fGz57iN5Pb06pvBGvl5gQ0B48dJlslXvoTg==",
          "dev": true,
          "requires": {
            "sprintf-js": "~1.0.2"
          }
        },
        "entities": {
          "version": "1.1.2",
          "resolved": "https://registry.npmjs.org/entities/-/entities-1.1.2.tgz",
          "integrity": "sha512-f2LZMYl1Fzu7YSBKg+RoROelpOaNrcGmE9AZubeDfrCEia483oW4MI4VyFd5VNHIgQ/7qm1I0wUHK1eJnn2y2w==",
          "dev": true
        },
        "sprintf-js": {
          "version": "1.0.3",
          "resolved": "https://registry.npmjs.org/sprintf-js/-/sprintf-js-1.0.3.tgz",
          "integrity": "sha1-BOaSb2YolTVPPdAVIDYzuFcpfiw=",
          "dev": true
        }
      }
    },
    "markdown-it-abbr": {
      "version": "1.0.4",
      "resolved": "https://registry.npmjs.org/markdown-it-abbr/-/markdown-it-abbr-1.0.4.tgz",
      "integrity": "sha1-1mtTZFIcuz3Yqlna37ovtoZcj9g=",
      "dev": true
    },
    "markdown-it-deflist": {
      "version": "2.0.3",
      "resolved": "https://registry.npmjs.org/markdown-it-deflist/-/markdown-it-deflist-2.0.3.tgz",
      "integrity": "sha512-/BNZ8ksW42bflm1qQLnRI09oqU2847Z7MVavrR0MORyKLtiUYOMpwtlAfMSZAQU9UCvaUZMpgVAqoS3vpToJxw==",
      "dev": true
    },
    "markdown-it-emoji": {
      "version": "1.4.0",
      "resolved": "https://registry.npmjs.org/markdown-it-emoji/-/markdown-it-emoji-1.4.0.tgz",
      "integrity": "sha1-m+4OmpkKljupbfaYDE/dsF37Tcw=",
      "dev": true
    },
    "markdown-it-footnote": {
      "version": "2.0.0",
      "resolved": "https://registry.npmjs.org/markdown-it-footnote/-/markdown-it-footnote-2.0.0.tgz",
      "integrity": "sha1-FOnE9o/xLPNU+jZa43gnboEEypQ=",
      "dev": true
    },
    "markdown-it-ins": {
      "version": "2.0.0",
      "resolved": "https://registry.npmjs.org/markdown-it-ins/-/markdown-it-ins-2.0.0.tgz",
      "integrity": "sha1-papqMPHi9x6Ul1Z8/f9A8f3mdIM=",
      "dev": true
    },
    "markdown-it-katex": {
      "version": "2.0.3",
      "resolved": "https://registry.npmjs.org/markdown-it-katex/-/markdown-it-katex-2.0.3.tgz",
      "integrity": "sha1-17hqGuoLnWSW+rTnkZoY/e9YnDk=",
      "dev": true,
      "requires": {
        "katex": "^0.6.0"
      }
    },
    "markdown-it-mark": {
      "version": "2.0.0",
      "resolved": "https://registry.npmjs.org/markdown-it-mark/-/markdown-it-mark-2.0.0.tgz",
      "integrity": "sha1-RqGqlHEFrtgYiXjgoBYXnkBPQsc=",
      "dev": true
    },
    "markdown-it-sub": {
      "version": "1.0.0",
      "resolved": "https://registry.npmjs.org/markdown-it-sub/-/markdown-it-sub-1.0.0.tgz",
      "integrity": "sha1-N1/WAm6ufdywEkl/ZBEZXqHjr+g=",
      "dev": true
    },
    "markdown-it-sup": {
      "version": "1.0.0",
      "resolved": "https://registry.npmjs.org/markdown-it-sup/-/markdown-it-sup-1.0.0.tgz",
      "integrity": "sha1-y5yf+RpSVawI8/09YyhuFd8KH8M=",
      "dev": true
    },
    "markdown-it-task-lists": {
      "version": "2.1.1",
      "resolved": "https://registry.npmjs.org/markdown-it-task-lists/-/markdown-it-task-lists-2.1.1.tgz",
      "integrity": "sha512-TxFAc76Jnhb2OUu+n3yz9RMu4CwGfaT788br6HhEDlvWfdeJcLUsxk1Hgw2yJio0OXsxv7pyIPmvECY7bMbluA==",
      "dev": true
    },
    "markdown-it-toc-and-anchor": {
      "version": "4.2.0",
      "resolved": "https://registry.npmjs.org/markdown-it-toc-and-anchor/-/markdown-it-toc-and-anchor-4.2.0.tgz",
      "integrity": "sha512-DusSbKtg8CwZ92ztN7bOojDpP4h0+w7BVOPuA3PHDIaabMsERYpwsazLYSP/UlKedoQjOz21mwlai36TQ04EpA==",
      "dev": true,
      "requires": {
        "clone": "^2.1.0",
        "uslug": "^1.0.4"
      },
      "dependencies": {
        "clone": {
          "version": "2.1.2",
          "resolved": "https://registry.npmjs.org/clone/-/clone-2.1.2.tgz",
          "integrity": "sha1-G39Ln1kfHo+DZwQBYANFoCiHQ18=",
          "dev": true
        }
      }
    },
    "match-at": {
      "version": "0.1.1",
      "resolved": "https://registry.npmjs.org/match-at/-/match-at-0.1.1.tgz",
      "integrity": "sha512-h4Yd392z9mST+dzc+yjuybOGFNOZjmXIPKWjxBd1Bb23r4SmDOsk2NYCU2BMUBGbSpZqwVsZYNq26QS3xfaT3Q==",
      "dev": true
    },
    "mdurl": {
      "version": "1.0.1",
      "resolved": "https://registry.npmjs.org/mdurl/-/mdurl-1.0.1.tgz",
      "integrity": "sha1-/oWy7HWlkDfyrf7BAP1sYBdhFS4=",
      "dev": true
    },
    "particles.js": {
      "version": "2.0.0",
      "resolved": "https://registry.npmjs.org/particles.js/-/particles.js-2.0.0.tgz",
      "integrity": "sha1-IThsQyjWx/lngKIB6W7t/AnHNvY=",
      "dev": true
    },
    "text-loader": {
      "version": "0.0.1",
      "resolved": "https://registry.npmjs.org/text-loader/-/text-loader-0.0.1.tgz",
      "integrity": "sha1-i/dddJt8BXnJOZIAUcaepXLr3cE=",
      "dev": true
    },
    "uc.micro": {
      "version": "1.0.6",
      "resolved": "https://registry.npmjs.org/uc.micro/-/uc.micro-1.0.6.tgz",
      "integrity": "sha512-8Y75pvTYkLJW2hWQHXxoqRgV7qb9B+9vFEtidML+7koHUFapnVJAZ6cKs+Qjz5Aw3aZWHMC6u0wJE3At+nSGwA==",
      "dev": true
    },
    "unorm": {
      "version": "1.6.0",
      "resolved": "https://registry.npmjs.org/unorm/-/unorm-1.6.0.tgz",
      "integrity": "sha512-b2/KCUlYZUeA7JFUuRJZPUtr4gZvBh7tavtv4fvk4+KV9pfGiR6CQAQAWl49ZpR3ts2dk4FYkP7EIgDJoiOLDA==",
      "dev": true
    },
    "uslug": {
      "version": "1.0.4",
      "resolved": "https://registry.npmjs.org/uslug/-/uslug-1.0.4.tgz",
      "integrity": "sha1-uaIvCRTgqGFAYz2swwLl9PpFBnc=",
      "dev": true,
      "requires": {
        "unorm": ">= 1.0.0"
      }
    },
    "vue-markdown": {
      "version": "2.2.4",
      "resolved": "https://registry.npmjs.org/vue-markdown/-/vue-markdown-2.2.4.tgz",
      "integrity": "sha512-hoTX/W1UIdHZrp/b0vpHSsJXAEfWsafaQLgtE2VX4gY8O/C3L2Gabqu95gyG429rL4ML1SwGv+xsPABX7yfFIQ==",
      "dev": true,
      "requires": {
        "markdown-it": "^6.0.1",
        "markdown-it-abbr": "^1.0.3",
        "markdown-it-deflist": "^2.0.1",
        "markdown-it-emoji": "^1.1.1",
        "markdown-it-footnote": "^2.0.0",
        "markdown-it-ins": "^2.0.0",
        "markdown-it-katex": "^2.0.3",
        "markdown-it-mark": "^2.0.0",
        "markdown-it-sub": "^1.0.0",
        "markdown-it-sup": "^1.0.0",
        "markdown-it-task-lists": "^2.0.1",
        "markdown-it-toc-and-anchor": "^4.1.2"
      }
    },
    "vue-particles": {
      "version": "1.0.9",
      "resolved": "https://registry.npmjs.org/vue-particles/-/vue-particles-1.0.9.tgz",
      "integrity": "sha1-KdnMK+AVffHAqH7DuWyW8zJ5Um4=",
      "dev": true,
      "requires": {
        "particles.js": "^2.0.0",
        "vue": "^2.2.6"
      },
      "dependencies": {
        "vue": {
          "version": "2.6.11",
          "resolved": "https://registry.npmjs.org/vue/-/vue-2.6.11.tgz",
          "integrity": "sha512-VfPwgcGABbGAue9+sfrD4PuwFar7gPb1yl1UK1MwXoQPAw0BKSqWfoYCT/ThFrdEVWoI51dBuyCoiNU9bZDZxQ==",
          "dev": true
        }
      }
    }
  }
}
